// !$*UTF8*$!
{
	archiveVersion = 1;
	classes = {
	};
	objectVersion = 56;
	objects = {

/* Begin PBXBuildFile section */
		DFA5FBB22C1E9EB500E4F489 /* NC2WebKitApp.swift in Sources */ = {isa = PBXBuildFile; fileRef = DFA5FBB12C1E9EB500E4F489 /* NC2WebKitApp.swift */; };
		DFA5FBB42C1E9EB500E4F489 /* HomeView.swift in Sources */ = {isa = PBXBuildFile; fileRef = DFA5FBB32C1E9EB500E4F489 /* HomeView.swift */; };
		DFA5FBB62C1E9EB700E4F489 /* Assets.xcassets in Resources */ = {isa = PBXBuildFile; fileRef = DFA5FBB52C1E9EB700E4F489 /* Assets.xcassets */; };
		DFA5FBB92C1E9EB700E4F489 /* Preview Assets.xcassets in Resources */ = {isa = PBXBuildFile; fileRef = DFA5FBB82C1E9EB700E4F489 /* Preview Assets.xcassets */; };
		DFA5FBC02C1E9EE300E4F489 /* NavyismWebView.swift in Sources */ = {isa = PBXBuildFile; fileRef = DFA5FBBF2C1E9EE300E4F489 /* NavyismWebView.swift */; };
		DFA5FBC22C1EA90F00E4F489 /* Enums.swift in Sources */ = {isa = PBXBuildFile; fileRef = DFA5FBC12C1EA90F00E4F489 /* Enums.swift */; };
		DFA5FBC62C1ECC6100E4F489 /* HomeViewModel.swift in Sources */ = {isa = PBXBuildFile; fileRef = DFA5FBC52C1ECC6100E4F489 /* HomeViewModel.swift */; };
		DFA5FBC92C1ECDE400E4F489 /* PlatformIconCell.swift in Sources */ = {isa = PBXBuildFile; fileRef = DFA5FBC82C1ECDE400E4F489 /* PlatformIconCell.swift */; };
		DFA5FBCD2C1ED27B00E4F489 /* PlatformWebView.swift in Sources */ = {isa = PBXBuildFile; fileRef = DFA5FBCC2C1ED27B00E4F489 /* PlatformWebView.swift */; };
		DFA5FBCF2C1EDBEB00E4F489 /* PlatformView.swift in Sources */ = {isa = PBXBuildFile; fileRef = DFA5FBCE2C1EDBEB00E4F489 /* PlatformView.swift */; };
/* End PBXBuildFile section */

/* Begin PBXFileReference section */
		DFA5FBAE2C1E9EB500E4F489 /* NC2WebKit.app */ = {isa = PBXFileReference; explicitFileType = wrapper.application; includeInIndex = 0; path = NC2WebKit.app; sourceTree = BUILT_PRODUCTS_DIR; };
		DFA5FBB12C1E9EB500E4F489 /* NC2WebKitApp.swift */ = {isa = PBXFileReference; lastKnownFileType = sourcecode.swift; path = NC2WebKitApp.swift; sourceTree = "<group>"; };
		DFA5FBB32C1E9EB500E4F489 /* HomeView.swift */ = {isa = PBXFileReference; lastKnownFileType = sourcecode.swift; path = HomeView.swift; sourceTree = "<group>"; };
		DFA5FBB52C1E9EB700E4F489 /* Assets.xcassets */ = {isa = PBXFileReference; lastKnownFileType = folder.assetcatalog; path = Assets.xcassets; sourceTree = "<group>"; };
		DFA5FBB82C1E9EB700E4F489 /* Preview Assets.xcassets */ = {isa = PBXFileReference; lastKnownFileType = folder.assetcatalog; path = "Preview Assets.xcassets"; sourceTree = "<group>"; };
		DFA5FBBF2C1E9EE300E4F489 /* NavyismWebView.swift */ = {isa = PBXFileReference; lastKnownFileType = sourcecode.swift; path = NavyismWebView.swift; sourceTree = "<group>"; };
		DFA5FBC12C1EA90F00E4F489 /* Enums.swift */ = {isa = PBXFileReference; lastKnownFileType = sourcecode.swift; path = Enums.swift; sourceTree = "<group>"; };
		DFA5FBC32C1EB3A000E4F489 /* Info.plist */ = {isa = PBXFileReference; lastKnownFileType = text.plist.xml; path = Info.plist; sourceTree = "<group>"; };
		DFA5FBC52C1ECC6100E4F489 /* HomeViewModel.swift */ = {isa = PBXFileReference; lastKnownFileType = sourcecode.swift; path = HomeViewModel.swift; sourceTree = "<group>"; };
		DFA5FBC82C1ECDE400E4F489 /* PlatformIconCell.swift */ = {isa = PBXFileReference; lastKnownFileType = sourcecode.swift; path = PlatformIconCell.swift; sourceTree = "<group>"; };
		DFA5FBCC2C1ED27B00E4F489 /* PlatformWebView.swift */ = {isa = PBXFileReference; lastKnownFileType = sourcecode.swift; path = PlatformWebView.swift; sourceTree = "<group>"; };
		DFA5FBCE2C1EDBEB00E4F489 /* PlatformView.swift */ = {isa = PBXFileReference; lastKnownFileType = sourcecode.swift; path = PlatformView.swift; sourceTree = "<group>"; };
/* End PBXFileReference section */

/* Begin PBXFrameworksBuildPhase section */
		DFA5FBAB2C1E9EB500E4F489 /* Frameworks */ = {
			isa = PBXFrameworksBuildPhase;
			buildActionMask = 2147483647;
			files = (
			);
			runOnlyForDeploymentPostprocessing = 0;
		};
/* End PBXFrameworksBuildPhase section */

/* Begin PBXGroup section */
		DFA5FBA52C1E9EB500E4F489 = {
			isa = PBXGroup;
			children = (
				DFA5FBB02C1E9EB500E4F489 /* NC2WebKit */,
				DFA5FBAF2C1E9EB500E4F489 /* Products */,
			);
			sourceTree = "<group>";
		};
		DFA5FBAF2C1E9EB500E4F489 /* Products */ = {
			isa = PBXGroup;
			children = (
				DFA5FBAE2C1E9EB500E4F489 /* NC2WebKit.app */,
			);
			name = Products;
			sourceTree = "<group>";
		};
		DFA5FBB02C1E9EB500E4F489 /* NC2WebKit */ = {
			isa = PBXGroup;
			children = (
				DFA5FBB12C1E9EB500E4F489 /* NC2WebKitApp.swift */,
				DFA5FBCA2C1ECECD00E4F489 /* WebView */,
				DFA5FBC42C1ECC5400E4F489 /* Home */,
				DFA5FBC12C1EA90F00E4F489 /* Enums.swift */,
				DFA5FBB52C1E9EB700E4F489 /* Assets.xcassets */,
				DFA5FBC32C1EB3A000E4F489 /* Info.plist */,
				DFA5FBB72C1E9EB700E4F489 /* Preview Content */,
			);
			path = NC2WebKit;
			sourceTree = "<group>";
		};
		DFA5FBB72C1E9EB700E4F489 /* Preview Content */ = {
			isa = PBXGroup;
			children = (
				DFA5FBB82C1E9EB700E4F489 /* Preview Assets.xcassets */,
			);
			path = "Preview Content";
			sourceTree = "<group>";
		};
		DFA5FBC42C1ECC5400E4F489 /* Home */ = {
			isa = PBXGroup;
			children = (
				DFA5FBC72C1ECDCB00E4F489 /* PlatformIconCell */,
				DFA5FBB32C1E9EB500E4F489 /* HomeView.swift */,
				DFA5FBC52C1ECC6100E4F489 /* HomeViewModel.swift */,
			);
			path = Home;
			sourceTree = "<group>";
		};
		DFA5FBC72C1ECDCB00E4F489 /* PlatformIconCell */ = {
			isa = PBXGroup;
			children = (
				DFA5FBC82C1ECDE400E4F489 /* PlatformIconCell.swift */,
			);
			path = PlatformIconCell;
			sourceTree = "<group>";
		};
		DFA5FBCA2C1ECECD00E4F489 /* WebView */ = {
			isa = PBXGroup;
			children = (
				DFA5FBCB2C1ED24700E4F489 /* Platform */,
				DFA5FBBF2C1E9EE300E4F489 /* NavyismWebView.swift */,
			);
			path = WebView;
			sourceTree = "<group>";
		};
		DFA5FBCB2C1ED24700E4F489 /* Platform */ = {
			isa = PBXGroup;
			children = (
				DFA5FBCC2C1ED27B00E4F489 /* PlatformWebView.swift */,
				DFA5FBCE2C1EDBEB00E4F489 /* PlatformView.swift */,
			);
			path = Platform;
			sourceTree = "<group>";
		};
/* End PBXGroup section */

/* Begin PBXNativeTarget section */
		DFA5FBAD2C1E9EB500E4F489 /* NC2WebKit */ = {
			isa = PBXNativeTarget;
			buildConfigurationList = DFA5FBBC2C1E9EB700E4F489 /* Build configuration list for PBXNativeTarget "NC2WebKit" */;
			buildPhases = (
				DFA5FBAA2C1E9EB500E4F489 /* Sources */,
				DFA5FBAB2C1E9EB500E4F489 /* Frameworks */,
				DFA5FBAC2C1E9EB500E4F489 /* Resources */,
			);
			buildRules = (
			);
			dependencies = (
			);
			name = NC2WebKit;
			productName = NC2WebKit;
			productReference = DFA5FBAE2C1E9EB500E4F489 /* NC2WebKit.app */;
			productType = "com.apple.product-type.application";
		};
/* End PBXNativeTarget section */

/* Begin PBXProject section */
		DFA5FBA62C1E9EB500E4F489 /* Project object */ = {
			isa = PBXProject;
			attributes = {
				BuildIndependentTargetsInParallel = 1;
				LastSwiftUpdateCheck = 1540;
				LastUpgradeCheck = 1540;
				TargetAttributes = {
					DFA5FBAD2C1E9EB500E4F489 = {
						CreatedOnToolsVersion = 15.4;
					};
				};
			};
			buildConfigurationList = DFA5FBA92C1E9EB500E4F489 /* Build configuration list for PBXProject "NC2WebKit" */;
			compatibilityVersion = "Xcode 14.0";
			developmentRegion = en;
			hasScannedForEncodings = 0;
			knownRegions = (
				en,
				Base,
			);
			mainGroup = DFA5FBA52C1E9EB500E4F489;
			productRefGroup = DFA5FBAF2C1E9EB500E4F489 /* Products */;
			projectDirPath = "";
			projectRoot = "";
			targets = (
				DFA5FBAD2C1E9EB500E4F489 /* NC2WebKit */,
			);
		};
/* End PBXProject section */

/* Begin PBXResourcesBuildPhase section */
		DFA5FBAC2C1E9EB500E4F489 /* Resources */ = {
			isa = PBXResourcesBuildPhase;
			buildActionMask = 2147483647;
			files = (
				DFA5FBB92C1E9EB700E4F489 /* Preview Assets.xcassets in Resources */,
				DFA5FBB62C1E9EB700E4F489 /* Assets.xcassets in Resources */,
			);
			runOnlyForDeploymentPostprocessing = 0;
		};
/* End PBXResourcesBuildPhase section */

/* Begin PBXSourcesBuildPhase section */
		DFA5FBAA2C1E9EB500E4F489 /* Sources */ = {
			isa = PBXSourcesBuildPhase;
			buildActionMask = 2147483647;
			files = (
				DFA5FBC02C1E9EE300E4F489 /* NavyismWebView.swift in Sources */,
				DFA5FBC92C1ECDE400E4F489 /* PlatformIconCell.swift in Sources */,
				DFA5FBCD2C1ED27B00E4F489 /* PlatformWebView.swift in Sources */,
				DFA5FBB42C1E9EB500E4F489 /* HomeView.swift in Sources */,
				DFA5FBC22C1EA90F00E4F489 /* Enums.swift in Sources */,
				DFA5FBCF2C1EDBEB00E4F489 /* PlatformView.swift in Sources */,
				DFA5FBC62C1ECC6100E4F489 /* HomeViewModel.swift in Sources */,
				DFA5FBB22C1E9EB500E4F489 /* NC2WebKitApp.swift in Sources */,
			);
			runOnlyForDeploymentPostprocessing = 0;
		};
/* End PBXSourcesBuildPhase section */

/* Begin XCBuildConfiguration section */
		DFA5FBBA2C1E9EB700E4F489 /* Debug */ = {
			isa = XCBuildConfiguration;
			buildSettings = {
				ALWAYS_SEARCH_USER_PATHS = NO;
				ASSETCATALOG_COMPILER_GENERATE_SWIFT_ASSET_SYMBOL_EXTENSIONS = YES;
				CLANG_ANALYZER_NONNULL = YES;
				CLANG_ANALYZER_NUMBER_OBJECT_CONVERSION = YES_AGGRESSIVE;
				CLANG_CXX_LANGUAGE_STANDARD = "gnu++20";
				CLANG_ENABLE_MODULES = YES;
				CLANG_ENABLE_OBJC_ARC = YES;
				CLANG_ENABLE_OBJC_WEAK = YES;
				CLANG_WARN_BLOCK_CAPTURE_AUTORELEASING = YES;
				CLANG_WARN_BOOL_CONVERSION = YES;
				CLANG_WARN_COMMA = YES;
				CLANG_WARN_CONSTANT_CONVERSION = YES;
				CLANG_WARN_DEPRECATED_OBJC_IMPLEMENTATIONS = YES;
				CLANG_WARN_DIRECT_OBJC_ISA_USAGE = YES_ERROR;
				CLANG_WARN_DOCUMENTATION_COMMENTS = YES;
				CLANG_WARN_EMPTY_BODY = YES;
				CLANG_WARN_ENUM_CONVERSION = YES;
				CLANG_WARN_INFINITE_RECURSION = YES;
				CLANG_WARN_INT_CONVERSION = YES;
				CLANG_WARN_NON_LITERAL_NULL_CONVERSION = YES;
				CLANG_WARN_OBJC_IMPLICIT_RETAIN_SELF = YES;
				CLANG_WARN_OBJC_LITERAL_CONVERSION = YES;
				CLANG_WARN_OBJC_ROOT_CLASS = YES_ERROR;
				CLANG_WARN_QUOTED_INCLUDE_IN_FRAMEWORK_HEADER = YES;
				CLANG_WARN_RANGE_LOOP_ANALYSIS = YES;
				CLANG_WARN_STRICT_PROTOTYPES = YES;
				CLANG_WARN_SUSPICIOUS_MOVE = YES;
				CLANG_WARN_UNGUARDED_AVAILABILITY = YES_AGGRESSIVE;
				CLANG_WARN_UNREACHABLE_CODE = YES;
				CLANG_WARN__DUPLICATE_METHOD_MATCH = YES;
				COPY_PHASE_STRIP = NO;
				DEBUG_INFORMATION_FORMAT = dwarf;
				ENABLE_STRICT_OBJC_MSGSEND = YES;
				ENABLE_TESTABILITY = YES;
				ENABLE_USER_SCRIPT_SANDBOXING = YES;
				GCC_C_LANGUAGE_STANDARD = gnu17;
				GCC_DYNAMIC_NO_PIC = NO;
				GCC_NO_COMMON_BLOCKS = YES;
				GCC_OPTIMIZATION_LEVEL = 0;
				GCC_PREPROCESSOR_DEFINITIONS = (
					"DEBUG=1",
					"$(inherited)",
				);
				GCC_WARN_64_TO_32_BIT_CONVERSION = YES;
				GCC_WARN_ABOUT_RETURN_TYPE = YES_ERROR;
				GCC_WARN_UNDECLARED_SELECTOR = YES;
				GCC_WARN_UNINITIALIZED_AUTOS = YES_AGGRESSIVE;
				GCC_WARN_UNUSED_FUNCTION = YES;
				GCC_WARN_UNUSED_VARIABLE = YES;
				IPHONEOS_DEPLOYMENT_TARGET = 17.5;
				LOCALIZATION_PREFERS_STRING_CATALOGS = YES;
				MTL_ENABLE_DEBUG_INFO = INCLUDE_SOURCE;
				MTL_FAST_MATH = YES;
				ONLY_ACTIVE_ARCH = YES;
				SDKROOT = iphoneos;
				SWIFT_ACTIVE_COMPILATION_CONDITIONS = "DEBUG $(inherited)";
				SWIFT_OPTIMIZATION_LEVEL = "-Onone";
			};
			name = Debug;
		};
		DFA5FBBB2C1E9EB700E4F489 /* Release */ = {
			isa = XCBuildConfiguration;
			buildSettings = {
				ALWAYS_SEARCH_USER_PATHS = NO;
				ASSETCATALOG_COMPILER_GENERATE_SWIFT_ASSET_SYMBOL_EXTENSIONS = YES;
				CLANG_ANALYZER_NONNULL = YES;
				CLANG_ANALYZER_NUMBER_OBJECT_CONVERSION = YES_AGGRESSIVE;
				CLANG_CXX_LANGUAGE_STANDARD = "gnu++20";
				CLANG_ENABLE_MODULES = YES;
				CLANG_ENABLE_OBJC_ARC = YES;
				CLANG_ENABLE_OBJC_WEAK = YES;
				CLANG_WARN_BLOCK_CAPTURE_AUTORELEASING = YES;
				CLANG_WARN_BOOL_CONVERSION = YES;
				CLANG_WARN_COMMA = YES;
				CLANG_WARN_CONSTANT_CONVERSION = YES;
				CLANG_WARN_DEPRECATED_OBJC_IMPLEMENTATIONS = YES;
				CLANG_WARN_DIRECT_OBJC_ISA_USAGE = YES_ERROR;
				CLANG_WARN_DOCUMENTATION_COMMENTS = YES;
				CLANG_WARN_EMPTY_BODY = YES;
				CLANG_WARN_ENUM_CONVERSION = YES;
				CLANG_WARN_INFINITE_RECURSION = YES;
				CLANG_WARN_INT_CONVERSION = YES;
				CLANG_WARN_NON_LITERAL_NULL_CONVERSION = YES;
				CLANG_WARN_OBJC_IMPLICIT_RETAIN_SELF = YES;
				CLANG_WARN_OBJC_LITERAL_CONVERSION = YES;
				CLANG_WARN_OBJC_ROOT_CLASS = YES_ERROR;
				CLANG_WARN_QUOTED_INCLUDE_IN_FRAMEWORK_HEADER = YES;
				CLANG_WARN_RANGE_LOOP_ANALYSIS = YES;
				CLANG_WARN_STRICT_PROTOTYPES = YES;
				CLANG_WARN_SUSPICIOUS_MOVE = YES;
				CLANG_WARN_UNGUARDED_AVAILABILITY = YES_AGGRESSIVE;
				CLANG_WARN_UNREACHABLE_CODE = YES;
				CLANG_WARN__DUPLICATE_METHOD_MATCH = YES;
				COPY_PHASE_STRIP = NO;
				DEBUG_INFORMATION_FORMAT = "dwarf-with-dsym";
				ENABLE_NS_ASSERTIONS = NO;
				ENABLE_STRICT_OBJC_MSGSEND = YES;
				ENABLE_USER_SCRIPT_SANDBOXING = YES;
				GCC_C_LANGUAGE_STANDARD = gnu17;
				GCC_NO_COMMON_BLOCKS = YES;
				GCC_WARN_64_TO_32_BIT_CONVERSION = YES;
				GCC_WARN_ABOUT_RETURN_TYPE = YES_ERROR;
				GCC_WARN_UNDECLARED_SELECTOR = YES;
				GCC_WARN_UNINITIALIZED_AUTOS = YES_AGGRESSIVE;
				GCC_WARN_UNUSED_FUNCTION = YES;
				GCC_WARN_UNUSED_VARIABLE = YES;
				IPHONEOS_DEPLOYMENT_TARGET = 17.5;
				LOCALIZATION_PREFERS_STRING_CATALOGS = YES;
				MTL_ENABLE_DEBUG_INFO = NO;
				MTL_FAST_MATH = YES;
				SDKROOT = iphoneos;
				SWIFT_COMPILATION_MODE = wholemodule;
				VALIDATE_PRODUCT = YES;
			};
			name = Release;
		};
		DFA5FBBD2C1E9EB700E4F489 /* Debug */ = {
			isa = XCBuildConfiguration;
			buildSettings = {
				ASSETCATALOG_COMPILER_APPICON_NAME = AppIcon;
				ASSETCATALOG_COMPILER_GLOBAL_ACCENT_COLOR_NAME = AccentColor;
				CODE_SIGN_STYLE = Automatic;
				CURRENT_PROJECT_VERSION = 1;
				DEVELOPMENT_ASSET_PATHS = "\"NC2WebKit/Preview Content\"";
				ENABLE_PREVIEWS = YES;
				GENERATE_INFOPLIST_FILE = YES;
				INFOPLIST_FILE = NC2WebKit/Info.plist;
				INFOPLIST_KEY_UIApplicationSceneManifest_Generation = YES;
				INFOPLIST_KEY_UIApplicationSupportsIndirectInputEvents = YES;
				INFOPLIST_KEY_UILaunchScreen_Generation = YES;
				INFOPLIST_KEY_UISupportedInterfaceOrientations_iPad = "UIInterfaceOrientationPortrait UIInterfaceOrientationPortraitUpsideDown UIInterfaceOrientationLandscapeLeft UIInterfaceOrientationLandscapeRight";
				INFOPLIST_KEY_UISupportedInterfaceOrientations_iPhone = "UIInterfaceOrientationPortrait UIInterfaceOrientationLandscapeLeft UIInterfaceOrientationLandscapeRight";
				LD_RUNPATH_SEARCH_PATHS = (
					"$(inherited)",
					"@executable_path/Frameworks",
				);
				MARKETING_VERSION = 1.0;
				PRODUCT_BUNDLE_IDENTIFIER = com.00yhspStudy.NC2WebKit;
				PRODUCT_NAME = "$(TARGET_NAME)";
				SWIFT_EMIT_LOC_STRINGS = YES;
				SWIFT_VERSION = 5.0;
				TARGETED_DEVICE_FAMILY = "1,2";
			};
			name = Debug;
		};
		DFA5FBBE2C1E9EB700E4F489 /* Release */ = {
			isa = XCBuildConfiguration;
			buildSettings = {
				ASSETCATALOG_COMPILER_APPICON_NAME = AppIcon;
				ASSETCATALOG_COMPILER_GLOBAL_ACCENT_COLOR_NAME = AccentColor;
				CODE_SIGN_STYLE = Automatic;
				CURRENT_PROJECT_VERSION = 1;
				DEVELOPMENT_ASSET_PATHS = "\"NC2WebKit/Preview Content\"";
				ENABLE_PREVIEWS = YES;
				GENERATE_INFOPLIST_FILE = YES;
				INFOPLIST_FILE = NC2WebKit/Info.plist;
				INFOPLIST_KEY_UIApplicationSceneManifest_Generation = YES;
				INFOPLIST_KEY_UIApplicationSupportsIndirectInputEvents = YES;
				INFOPLIST_KEY_UILaunchScreen_Generation = YES;
				INFOPLIST_KEY_UISupportedInterfaceOrientations_iPad = "UIInterfaceOrientationPortrait UIInterfaceOrientationPortraitUpsideDown UIInterfaceOrientationLandscapeLeft UIInterfaceOrientationLandscapeRight";
				INFOPLIST_KEY_UISupportedInterfaceOrientations_iPhone = "UIInterfaceOrientationPortrait UIInterfaceOrientationLandscapeLeft UIInterfaceOrientationLandscapeRight";
				LD_RUNPATH_SEARCH_PATHS = (
					"$(inherited)",
					"@executable_path/Frameworks",
				);
				MARKETING_VERSION = 1.0;
				PRODUCT_BUNDLE_IDENTIFIER = com.00yhspStudy.NC2WebKit;
				PRODUCT_NAME = "$(TARGET_NAME)";
				SWIFT_EMIT_LOC_STRINGS = YES;
				SWIFT_VERSION = 5.0;
				TARGETED_DEVICE_FAMILY = "1,2";
			};
			name = Release;
		};
/* End XCBuildConfiguration section */

/* Begin XCConfigurationList section */
		DFA5FBA92C1E9EB500E4F489 /* Build configuration list for PBXProject "NC2WebKit" */ = {
			isa = XCConfigurationList;
			buildConfigurations = (
				DFA5FBBA2C1E9EB700E4F489 /* Debug */,
				DFA5FBBB2C1E9EB700E4F489 /* Release */,
			);
			defaultConfigurationIsVisible = 0;
			defaultConfigurationName = Release;
		};
		DFA5FBBC2C1E9EB700E4F489 /* Build configuration list for PBXNativeTarget "NC2WebKit" */ = {
			isa = XCConfigurationList;
			buildConfigurations = (
				DFA5FBBD2C1E9EB700E4F489 /* Debug */,
				DFA5FBBE2C1E9EB700E4F489 /* Release */,
			);
			defaultConfigurationIsVisible = 0;
			defaultConfigurationName = Release;
		};
/* End XCConfigurationList section */
	};
	rootObject = DFA5FBA62C1E9EB500E4F489 /* Project object */;
}
